// !$*UTF8*$!
{
	archiveVersion = 1;
	classes = {
	};
	objectVersion = 77;
	objects = {

/* Begin PBXBuildFile section */
		82B2A6B22F2E79FA009201E8 /* WidgetKit.framework in Frameworks */ = {isa = PBXBuildFile; fileRef = 82B2A6B12F2E79FA009201E8 /* WidgetKit.framework */; };
		82B2A6B42F2E79FA009201E8 /* SwiftUI.framework in Frameworks */ = {isa = PBXBuildFile; fileRef = 82B2A6B32F2E79FA009201E8 /* SwiftUI.framework */; };
		82B2A6C52F2E79FB009201E8 /* WidgetExtension.appex in Embed Foundation Extensions */ = {isa = PBXBuildFile; fileRef = 82B2A6AF2F2E79FA009201E8 /* WidgetExtension.appex */; settings = {ATTRIBUTES = (RemoveHeadersOnCopy, ); }; };
		82B2A6EF2F2E7A7D009201E8 /* EquivWatch Watch App.app in Embed Watch Content */ = {isa = PBXBuildFile; fileRef = 82B2A6CF2F2E7A7C009201E8 /* EquivWatch Watch App.app */; settings = {ATTRIBUTES = (RemoveHeadersOnCopy, ); }; };
/* End PBXBuildFile section */

/* Begin PBXContainerItemProxy section */
		82B2A6C32F2E79FB009201E8 /* PBXContainerItemProxy */ = {
			isa = PBXContainerItemProxy;
			containerPortal = 82CA789B2F2D5CEE009EE7BC /* Project object */;
			proxyType = 1;
			remoteGlobalIDString = 82B2A6AE2F2E79FA009201E8;
			remoteInfo = WidgetExtension;
		};
		82B2A6DC2F2E7A7D009201E8 /* PBXContainerItemProxy */ = {
			isa = PBXContainerItemProxy;
			containerPortal = 82CA789B2F2D5CEE009EE7BC /* Project object */;
			proxyType = 1;
			remoteGlobalIDString = 82B2A6CE2F2E7A7C009201E8;
			remoteInfo = "EquivWatch Watch App";
		};
		82B2A6E62F2E7A7D009201E8 /* PBXContainerItemProxy */ = {
			isa = PBXContainerItemProxy;
			containerPortal = 82CA789B2F2D5CEE009EE7BC /* Project object */;
			proxyType = 1;
			remoteGlobalIDString = 82B2A6CE2F2E7A7C009201E8;
			remoteInfo = "EquivWatch Watch App";
		};
		82B2A6ED2F2E7A7D009201E8 /* PBXContainerItemProxy */ = {
			isa = PBXContainerItemProxy;
			containerPortal = 82CA789B2F2D5CEE009EE7BC /* Project object */;
			proxyType = 1;
			remoteGlobalIDString = 82B2A6CE2F2E7A7C009201E8;
			remoteInfo = "EquivWatch Watch App";
		};
		82CA78B32F2D5CF0009EE7BC /* PBXContainerItemProxy */ = {
			isa = PBXContainerItemProxy;
			containerPortal = 82CA789B2F2D5CEE009EE7BC /* Project object */;
			proxyType = 1;
			remoteGlobalIDString = 82CA78A22F2D5CEE009EE7BC;
			remoteInfo = Equiv;
		};
		82CA78BD2F2D5CF0009EE7BC /* PBXContainerItemProxy */ = {
			isa = PBXContainerItemProxy;
			containerPortal = 82CA789B2F2D5CEE009EE7BC /* Project object */;
			proxyType = 1;
			remoteGlobalIDString = 82CA78A22F2D5CEE009EE7BC;
			remoteInfo = Equiv;
		};
/* End PBXContainerItemProxy section */

/* Begin PBXCopyFilesBuildPhase section */
		82B2A6CA2F2E79FB009201E8 /* Embed Foundation Extensions */ = {
			isa = PBXCopyFilesBuildPhase;
			buildActionMask = 2147483647;
			dstPath = "";
			dstSubfolderSpec = 13;
			files = (
				82B2A6C52F2E79FB009201E8 /* WidgetExtension.appex in Embed Foundation Extensions */,
			);
			name = "Embed Foundation Extensions";
			runOnlyForDeploymentPostprocessing = 0;
		};
		82B2A6F32F2E7A7D009201E8 /* Embed Watch Content */ = {
			isa = PBXCopyFilesBuildPhase;
			buildActionMask = 2147483647;
			dstPath = "$(CONTENTS_FOLDER_PATH)/Watch";
			dstSubfolderSpec = 16;
			files = (
				82B2A6EF2F2E7A7D009201E8 /* EquivWatch Watch App.app in Embed Watch Content */,
			);
			name = "Embed Watch Content";
			runOnlyForDeploymentPostprocessing = 0;
		};
/* End PBXCopyFilesBuildPhase section */

/* Begin PBXFileReference section */
		82B2A6AF2F2E79FA009201E8 /* WidgetExtension.appex */ = {isa = PBXFileReference; explicitFileType = "wrapper.app-extension"; includeInIndex = 0; path = WidgetExtension.appex; sourceTree = BUILT_PRODUCTS_DIR; };
		82B2A6B12F2E79FA009201E8 /* WidgetKit.framework */ = {isa = PBXFileReference; lastKnownFileType = wrapper.framework; name = WidgetKit.framework; path = System/Library/Frameworks/WidgetKit.framework; sourceTree = SDKROOT; };
		82B2A6B32F2E79FA009201E8 /* SwiftUI.framework */ = {isa = PBXFileReference; lastKnownFileType = wrapper.framework; name = SwiftUI.framework; path = System/Library/Frameworks/SwiftUI.framework; sourceTree = SDKROOT; };
		82B2A6CF2F2E7A7C009201E8 /* EquivWatch Watch App.app */ = {isa = PBXFileReference; explicitFileType = wrapper.application; includeInIndex = 0; path = "EquivWatch Watch App.app"; sourceTree = BUILT_PRODUCTS_DIR; };
		82B2A6DB2F2E7A7D009201E8 /* EquivWatch Watch AppTests.xctest */ = {isa = PBXFileReference; explicitFileType = wrapper.cfbundle; includeInIndex = 0; path = "EquivWatch Watch AppTests.xctest"; sourceTree = BUILT_PRODUCTS_DIR; };
		82B2A6E52F2E7A7D009201E8 /* EquivWatch Watch AppUITests.xctest */ = {isa = PBXFileReference; explicitFileType = wrapper.cfbundle; includeInIndex = 0; path = "EquivWatch Watch AppUITests.xctest"; sourceTree = BUILT_PRODUCTS_DIR; };
		82CA78A32F2D5CEE009EE7BC /* Equiv.app */ = {isa = PBXFileReference; explicitFileType = wrapper.application; includeInIndex = 0; path = Equiv.app; sourceTree = BUILT_PRODUCTS_DIR; };
		82CA78B22F2D5CF0009EE7BC /* EquivTests.xctest */ = {isa = PBXFileReference; explicitFileType = wrapper.cfbundle; includeInIndex = 0; path = EquivTests.xctest; sourceTree = BUILT_PRODUCTS_DIR; };
		82CA78BC2F2D5CF0009EE7BC /* EquivUITests.xctest */ = {isa = PBXFileReference; explicitFileType = wrapper.cfbundle; includeInIndex = 0; path = EquivUITests.xctest; sourceTree = BUILT_PRODUCTS_DIR; };
/* End PBXFileReference section */

/* Begin PBXFileSystemSynchronizedBuildFileExceptionSet section */
		82B2A6C62F2E79FB009201E8 /* Exceptions for "Widget" folder in "WidgetExtension" target */ = {
			isa = PBXFileSystemSynchronizedBuildFileExceptionSet;
			membershipExceptions = (
				Info.plist,
			);
			target = 82B2A6AE2F2E79FA009201E8 /* WidgetExtension */;
		};
		AA00000000000000000000A1 /* Exceptions for "Equiv" folder in "Equiv" target */ = {
			isa = PBXFileSystemSynchronizedBuildFileExceptionSet;
			membershipExceptions = (
				Info.plist,
			);
			target = 82CA78A22F2D5CEE009EE7BC /* Equiv */;
		};
/* End PBXFileSystemSynchronizedBuildFileExceptionSet section */

/* Begin PBXFileSystemSynchronizedRootGroup section */
		82B2A6B52F2E79FA009201E8 /* Widget */ = {
			isa = PBXFileSystemSynchronizedRootGroup;
			exceptions = (
				82B2A6C62F2E79FB009201E8 /* Exceptions for "Widget" folder in "WidgetExtension" target */,
			);
			path = Widget;
			sourceTree = "<group>";
		};
		82B2A6D02F2E7A7C009201E8 /* EquivWatch Watch App */ = {
			isa = PBXFileSystemSynchronizedRootGroup;
			path = "EquivWatch Watch App";
			sourceTree = "<group>";
		};
		82B2A6DE2F2E7A7D009201E8 /* EquivWatch Watch AppTests */ = {
			isa = PBXFileSystemSynchronizedRootGroup;
			path = "EquivWatch Watch AppTests";
			sourceTree = "<group>";
		};
		82B2A6E82F2E7A7D009201E8 /* EquivWatch Watch AppUITests */ = {
			isa = PBXFileSystemSynchronizedRootGroup;
			path = "EquivWatch Watch AppUITests";
			sourceTree = "<group>";
		};
		82CA78A52F2D5CEE009EE7BC /* Equiv */ = {
			isa = PBXFileSystemSynchronizedRootGroup;
			exceptions = (
				AA00000000000000000000A1 /* Exceptions for "Equiv" folder in "Equiv" target */,
			);
			path = Equiv;
			sourceTree = "<group>";
		};
		82CA78B52F2D5CF0009EE7BC /* EquivTests */ = {
			isa = PBXFileSystemSynchronizedRootGroup;
			path = EquivTests;
			sourceTree = "<group>";
		};
		82CA78BF2F2D5CF0009EE7BC /* EquivUITests */ = {
			isa = PBXFileSystemSynchronizedRootGroup;
			path = EquivUITests;
			sourceTree = "<group>";
		};
/* End PBXFileSystemSynchronizedRootGroup section */

/* Begin PBXFrameworksBuildPhase section */
		82B2A6AC2F2E79FA009201E8 /* Frameworks */ = {
			isa = PBXFrameworksBuildPhase;
			buildActionMask = 2147483647;
			files = (
				82B2A6B42F2E79FA009201E8 /* SwiftUI.framework in Frameworks */,
				82B2A6B22F2E79FA009201E8 /* WidgetKit.framework in Frameworks */,
			);
			runOnlyForDeploymentPostprocessing = 0;
		};
		82B2A6CC2F2E7A7C009201E8 /* Frameworks */ = {
			isa = PBXFrameworksBuildPhase;
			buildActionMask = 2147483647;
			files = (
			);
			runOnlyForDeploymentPostprocessing = 0;
		};
		82B2A6D82F2E7A7D009201E8 /* Frameworks */ = {
			isa = PBXFrameworksBuildPhase;
			buildActionMask = 2147483647;
			files = (
			);
			runOnlyForDeploymentPostprocessing = 0;
		};
		82B2A6E22F2E7A7D009201E8 /* Frameworks */ = {
			isa = PBXFrameworksBuildPhase;
			buildActionMask = 2147483647;
			files = (
			);
			runOnlyForDeploymentPostprocessing = 0;
		};
		82CA78A02F2D5CEE009EE7BC /* Frameworks */ = {
			isa = PBXFrameworksBuildPhase;
			buildActionMask = 2147483647;
			files = (
			);
			runOnlyForDeploymentPostprocessing = 0;
		};
		82CA78AF2F2D5CF0009EE7BC /* Frameworks */ = {
			isa = PBXFrameworksBuildPhase;
			buildActionMask = 2147483647;
			files = (
			);
			runOnlyForDeploymentPostprocessing = 0;
		};
		82CA78B92F2D5CF0009EE7BC /* Frameworks */ = {
			isa = PBXFrameworksBuildPhase;
			buildActionMask = 2147483647;
			files = (
			);
			runOnlyForDeploymentPostprocessing = 0;
		};
/* End PBXFrameworksBuildPhase section */

/* Begin PBXGroup section */
		82B2A6B02F2E79FA009201E8 /* Frameworks */ = {
			isa = PBXGroup;
			children = (
				82B2A6B12F2E79FA009201E8 /* WidgetKit.framework */,
				82B2A6B32F2E79FA009201E8 /* SwiftUI.framework */,
			);
			name = Frameworks;
			sourceTree = "<group>";
		};
		82CA789A2F2D5CEE009EE7BC = {
			isa = PBXGroup;
			children = (
				82CA78A52F2D5CEE009EE7BC /* Equiv */,
				82CA78B52F2D5CF0009EE7BC /* EquivTests */,
				82CA78BF2F2D5CF0009EE7BC /* EquivUITests */,
				82B2A6B52F2E79FA009201E8 /* Widget */,
				82B2A6D02F2E7A7C009201E8 /* EquivWatch Watch App */,
				82B2A6DE2F2E7A7D009201E8 /* EquivWatch Watch AppTests */,
				82B2A6E82F2E7A7D009201E8 /* EquivWatch Watch AppUITests */,
				82B2A6B02F2E79FA009201E8 /* Frameworks */,
				82CA78A42F2D5CEE009EE7BC /* Products */,
			);
			sourceTree = "<group>";
		};
		82CA78A42F2D5CEE009EE7BC /* Products */ = {
			isa = PBXGroup;
			children = (
				82CA78A32F2D5CEE009EE7BC /* Equiv.app */,
				82CA78B22F2D5CF0009EE7BC /* EquivTests.xctest */,
				82CA78BC2F2D5CF0009EE7BC /* EquivUITests.xctest */,
				82B2A6AF2F2E79FA009201E8 /* WidgetExtension.appex */,
				82B2A6CF2F2E7A7C009201E8 /* EquivWatch Watch App.app */,
				82B2A6DB2F2E7A7D009201E8 /* EquivWatch Watch AppTests.xctest */,
				82B2A6E52F2E7A7D009201E8 /* EquivWatch Watch AppUITests.xctest */,
			);
			name = Products;
			sourceTree = "<group>";
		};
/* End PBXGroup section */

/* Begin PBXNativeTarget section */
		82B2A6AE2F2E79FA009201E8 /* WidgetExtension */ = {
			isa = PBXNativeTarget;
			buildConfigurationList = 82B2A6C72F2E79FB009201E8 /* Build configuration list for PBXNativeTarget "WidgetExtension" */;
			buildPhases = (
				82B2A6AB2F2E79FA009201E8 /* Sources */,
				82B2A6AC2F2E79FA009201E8 /* Frameworks */,
				82B2A6AD2F2E79FA009201E8 /* Resources */,
			);
			buildRules = (
			);
			dependencies = (
			);
			fileSystemSynchronizedGroups = (
				82B2A6B52F2E79FA009201E8 /* Widget */,
			);
			name = WidgetExtension;
			packageProductDependencies = (
			);
			productName = WidgetExtension;
			productReference = 82B2A6AF2F2E79FA009201E8 /* WidgetExtension.appex */;
			productType = "com.apple.product-type.app-extension";
		};
		82B2A6CE2F2E7A7C009201E8 /* EquivWatch Watch App */ = {
			isa = PBXNativeTarget;
			buildConfigurationList = 82B2A6F02F2E7A7D009201E8 /* Build configuration list for PBXNativeTarget "EquivWatch Watch App" */;
			buildPhases = (
				82B2A6CB2F2E7A7C009201E8 /* Sources */,
				82B2A6CC2F2E7A7C009201E8 /* Frameworks */,
				82B2A6CD2F2E7A7C009201E8 /* Resources */,
			);
			buildRules = (
			);
			dependencies = (
			);
			fileSystemSynchronizedGroups = (
				82B2A6D02F2E7A7C009201E8 /* EquivWatch Watch App */,
			);
			name = "EquivWatch Watch App";
			packageProductDependencies = (
			);
			productName = "EquivWatch Watch App";
			productReference = 82B2A6CF2F2E7A7C009201E8 /* EquivWatch Watch App.app */;
			productType = "com.apple.product-type.application";
		};
		82B2A6DA2F2E7A7D009201E8 /* EquivWatch Watch AppTests */ = {
			isa = PBXNativeTarget;
			buildConfigurationList = 82B2A6F42F2E7A7D009201E8 /* Build configuration list for PBXNativeTarget "EquivWatch Watch AppTests" */;
			buildPhases = (
				82B2A6D72F2E7A7D009201E8 /* Sources */,
				82B2A6D82F2E7A7D009201E8 /* Frameworks */,
				82B2A6D92F2E7A7D009201E8 /* Resources */,
			);
			buildRules = (
			);
			dependencies = (
				82B2A6DD2F2E7A7D009201E8 /* PBXTargetDependency */,
			);
			fileSystemSynchronizedGroups = (
				82B2A6DE2F2E7A7D009201E8 /* EquivWatch Watch AppTests */,
			);
			name = "EquivWatch Watch AppTests";
			packageProductDependencies = (
			);
			productName = "EquivWatch Watch AppTests";
			productReference = 82B2A6DB2F2E7A7D009201E8 /* EquivWatch Watch AppTests.xctest */;
			productType = "com.apple.product-type.bundle.unit-test";
		};
		82B2A6E42F2E7A7D009201E8 /* EquivWatch Watch AppUITests */ = {
			isa = PBXNativeTarget;
			buildConfigurationList = 82B2A6F72F2E7A7D009201E8 /* Build configuration list for PBXNativeTarget "EquivWatch Watch AppUITests" */;
			buildPhases = (
				82B2A6E12F2E7A7D009201E8 /* Sources */,
				82B2A6E22F2E7A7D009201E8 /* Frameworks */,
				82B2A6E32F2E7A7D009201E8 /* Resources */,
			);
			buildRules = (
			);
			dependencies = (
				82B2A6E72F2E7A7D009201E8 /* PBXTargetDependency */,
			);
			fileSystemSynchronizedGroups = (
				82B2A6E82F2E7A7D009201E8 /* EquivWatch Watch AppUITests */,
			);
			name = "EquivWatch Watch AppUITests";
			packageProductDependencies = (
			);
			productName = "EquivWatch Watch AppUITests";
			productReference = 82B2A6E52F2E7A7D009201E8 /* EquivWatch Watch AppUITests.xctest */;
			productType = "com.apple.product-type.bundle.ui-testing";
		};
		82CA78A22F2D5CEE009EE7BC /* Equiv */ = {
			isa = PBXNativeTarget;
			buildConfigurationList = 82CA78C62F2D5CF0009EE7BC /* Build configuration list for PBXNativeTarget "Equiv" */;
			buildPhases = (
				82CA789F2F2D5CEE009EE7BC /* Sources */,
				82CA78A02F2D5CEE009EE7BC /* Frameworks */,
				82CA78A12F2D5CEE009EE7BC /* Resources */,
				82B2A6CA2F2E79FB009201E8 /* Embed Foundation Extensions */,
				82B2A6F32F2E7A7D009201E8 /* Embed Watch Content */,
			);
			buildRules = (
			);
			dependencies = (
				82B2A6C42F2E79FB009201E8 /* PBXTargetDependency */,
				82B2A6EE2F2E7A7D009201E8 /* PBXTargetDependency */,
			);
			fileSystemSynchronizedGroups = (
				82CA78A52F2D5CEE009EE7BC /* Equiv */,
			);
			name = Equiv;
			packageProductDependencies = (
			);
			productName = Equiv;
			productReference = 82CA78A32F2D5CEE009EE7BC /* Equiv.app */;
			productType = "com.apple.product-type.application";
		};
		82CA78B12F2D5CF0009EE7BC /* EquivTests */ = {
			isa = PBXNativeTarget;
			buildConfigurationList = 82CA78C92F2D5CF0009EE7BC /* Build configuration list for PBXNativeTarget "EquivTests" */;
			buildPhases = (
				82CA78AE2F2D5CF0009EE7BC /* Sources */,
				82CA78AF2F2D5CF0009EE7BC /* Frameworks */,
				82CA78B02F2D5CF0009EE7BC /* Resources */,
			);
			buildRules = (
			);
			dependencies = (
				82CA78B42F2D5CF0009EE7BC /* PBXTargetDependency */,
			);
			fileSystemSynchronizedGroups = (
				82CA78B52F2D5CF0009EE7BC /* EquivTests */,
			);
			name = EquivTests;
			packageProductDependencies = (
			);
			productName = EquivTests;
			productReference = 82CA78B22F2D5CF0009EE7BC /* EquivTests.xctest */;
			productType = "com.apple.product-type.bundle.unit-test";
		};
		82CA78BB2F2D5CF0009EE7BC /* EquivUITests */ = {
			isa = PBXNativeTarget;
			buildConfigurationList = 82CA78CC2F2D5CF0009EE7BC /* Build configuration list for PBXNativeTarget "EquivUITests" */;
			buildPhases = (
				82CA78B82F2D5CF0009EE7BC /* Sources */,
				82CA78B92F2D5CF0009EE7BC /* Frameworks */,
				82CA78BA2F2D5CF0009EE7BC /* Resources */,
			);
			buildRules = (
			);
			dependencies = (
				82CA78BE2F2D5CF0009EE7BC /* PBXTargetDependency */,
			);
			fileSystemSynchronizedGroups = (
				82CA78BF2F2D5CF0009EE7BC /* EquivUITests */,
			);
			name = EquivUITests;
			packageProductDependencies = (
			);
			productName = EquivUITests;
			productReference = 82CA78BC2F2D5CF0009EE7BC /* EquivUITests.xctest */;
			productType = "com.apple.product-type.bundle.ui-testing";
		};
/* End PBXNativeTarget section */

/* Begin PBXProject section */
		82CA789B2F2D5CEE009EE7BC /* Project object */ = {
			isa = PBXProject;
			attributes = {
				BuildIndependentTargetsInParallel = 1;
				LastSwiftUpdateCheck = 2620;
				LastUpgradeCheck = 2620;
				TargetAttributes = {
					82B2A6AE2F2E79FA009201E8 = {
						CreatedOnToolsVersion = 26.2;
					};
					82B2A6CE2F2E7A7C009201E8 = {
						CreatedOnToolsVersion = 26.2;
					};
					82B2A6DA2F2E7A7D009201E8 = {
						CreatedOnToolsVersion = 26.2;
						TestTargetID = 82B2A6CE2F2E7A7C009201E8;
					};
					82B2A6E42F2E7A7D009201E8 = {
						CreatedOnToolsVersion = 26.2;
						TestTargetID = 82B2A6CE2F2E7A7C009201E8;
					};
					82CA78A22F2D5CEE009EE7BC = {
						CreatedOnToolsVersion = 26.2;
					};
					82CA78B12F2D5CF0009EE7BC = {
						CreatedOnToolsVersion = 26.2;
						TestTargetID = 82CA78A22F2D5CEE009EE7BC;
					};
					82CA78BB2F2D5CF0009EE7BC = {
						CreatedOnToolsVersion = 26.2;
						TestTargetID = 82CA78A22F2D5CEE009EE7BC;
					};
				};
			};
			buildConfigurationList = 82CA789E2F2D5CEE009EE7BC /* Build configuration list for PBXProject "Equiv" */;
			developmentRegion = en;
			hasScannedForEncodings = 0;
			knownRegions = (
				en,
				Base,
			);
			mainGroup = 82CA789A2F2D5CEE009EE7BC;
			minimizedProjectReferenceProxies = 1;
			preferredProjectObjectVersion = 77;
			productRefGroup = 82CA78A42F2D5CEE009EE7BC /* Products */;
			projectDirPath = "";
			projectRoot = "";
			targets = (
				82CA78A22F2D5CEE009EE7BC /* Equiv */,
				82CA78B12F2D5CF0009EE7BC /* EquivTests */,
				82CA78BB2F2D5CF0009EE7BC /* EquivUITests */,
				82B2A6AE2F2E79FA009201E8 /* WidgetExtension */,
				82B2A6CE2F2E7A7C009201E8 /* EquivWatch Watch App */,
				82B2A6DA2F2E7A7D009201E8 /* EquivWatch Watch AppTests */,
				82B2A6E42F2E7A7D009201E8 /* EquivWatch Watch AppUITests */,
			);
		};
/* End PBXProject section */

/* Begin PBXResourcesBuildPhase section */
		82B2A6AD2F2E79FA009201E8 /* Resources */ = {
			isa = PBXResourcesBuildPhase;
			buildActionMask = 2147483647;
			files = (
			);
			runOnlyForDeploymentPostprocessing = 0;
		};
		82B2A6CD2F2E7A7C009201E8 /* Resources */ = {
			isa = PBXResourcesBuildPhase;
			buildActionMask = 2147483647;
			files = (
			);
			runOnlyForDeploymentPostprocessing = 0;
		};
		82B2A6D92F2E7A7D009201E8 /* Resources */ = {
			isa = PBXResourcesBuildPhase;
			buildActionMask = 2147483647;
			files = (
			);
			runOnlyForDeploymentPostprocessing = 0;
		};
		82B2A6E32F2E7A7D009201E8 /* Resources */ = {
			isa = PBXResourcesBuildPhase;
			buildActionMask = 2147483647;
			files = (
			);
			runOnlyForDeploymentPostprocessing = 0;
		};
		82CA78A12F2D5CEE009EE7BC /* Resources */ = {
			isa = PBXResourcesBuildPhase;
			buildActionMask = 2147483647;
			files = (
			);
			runOnlyForDeploymentPostprocessing = 0;
		};
		82CA78B02F2D5CF0009EE7BC /* Resources */ = {
			isa = PBXResourcesBuildPhase;
			buildActionMask = 2147483647;
			files = (
			);
			runOnlyForDeploymentPostprocessing = 0;
		};
		82CA78BA2F2D5CF0009EE7BC /* Resources */ = {
			isa = PBXResourcesBuildPhase;
			buildActionMask = 2147483647;
			files = (
			);
			runOnlyForDeploymentPostprocessing = 0;
		};
/* End PBXResourcesBuildPhase section */

/* Begin PBXSourcesBuildPhase section */
		82B2A6AB2F2E79FA009201E8 /* Sources */ = {
			isa = PBXSourcesBuildPhase;
			buildActionMask = 2147483647;
			files = (
			);
			runOnlyForDeploymentPostprocessing = 0;
		};
		82B2A6CB2F2E7A7C009201E8 /* Sources */ = {
			isa = PBXSourcesBuildPhase;
			buildActionMask = 2147483647;
			files = (
			);
			runOnlyForDeploymentPostprocessing = 0;
		};
		82B2A6D72F2E7A7D009201E8 /* Sources */ = {
			isa = PBXSourcesBuildPhase;
			buildActionMask = 2147483647;
			files = (
			);
			runOnlyForDeploymentPostprocessing = 0;
		};
		82B2A6E12F2E7A7D009201E8 /* Sources */ = {
			isa = PBXSourcesBuildPhase;
			buildActionMask = 2147483647;
			files = (
			);
			runOnlyForDeploymentPostprocessing = 0;
		};
		82CA789F2F2D5CEE009EE7BC /* Sources */ = {
			isa = PBXSourcesBuildPhase;
			buildActionMask = 2147483647;
			files = (
			);
			runOnlyForDeploymentPostprocessing = 0;
		};
		82CA78AE2F2D5CF0009EE7BC /* Sources */ = {
			isa = PBXSourcesBuildPhase;
			buildActionMask = 2147483647;
			files = (
			);
			runOnlyForDeploymentPostprocessing = 0;
		};
		82CA78B82F2D5CF0009EE7BC /* Sources */ = {
			isa = PBXSourcesBuildPhase;
			buildActionMask = 2147483647;
			files = (
			);
			runOnlyForDeploymentPostprocessing = 0;
		};
/* End PBXSourcesBuildPhase section */

/* Begin PBXTargetDependency section */
		82B2A6C42F2E79FB009201E8 /* PBXTargetDependency */ = {
			isa = PBXTargetDependency;
			target = 82B2A6AE2F2E79FA009201E8 /* WidgetExtension */;
			targetProxy = 82B2A6C32F2E79FB009201E8 /* PBXContainerItemProxy */;
		};
		82B2A6DD2F2E7A7D009201E8 /* PBXTargetDependency */ = {
			isa = PBXTargetDependency;
			target = 82B2A6CE2F2E7A7C009201E8 /* EquivWatch Watch App */;
			targetProxy = 82B2A6DC2F2E7A7D009201E8 /* PBXContainerItemProxy */;
		};
		82B2A6E72F2E7A7D009201E8 /* PBXTargetDependency */ = {
			isa = PBXTargetDependency;
			target = 82B2A6CE2F2E7A7C009201E8 /* EquivWatch Watch App */;
			targetProxy = 82B2A6E62F2E7A7D009201E8 /* PBXContainerItemProxy */;
		};
		82B2A6EE2F2E7A7D009201E8 /* PBXTargetDependency */ = {
			isa = PBXTargetDependency;
			target = 82B2A6CE2F2E7A7C009201E8 /* EquivWatch Watch App */;
			targetProxy = 82B2A6ED2F2E7A7D009201E8 /* PBXContainerItemProxy */;
		};
		82CA78B42F2D5CF0009EE7BC /* PBXTargetDependency */ = {
			isa = PBXTargetDependency;
			target = 82CA78A22F2D5CEE009EE7BC /* Equiv */;
			targetProxy = 82CA78B32F2D5CF0009EE7BC /* PBXContainerItemProxy */;
		};
		82CA78BE2F2D5CF0009EE7BC /* PBXTargetDependency */ = {
			isa = PBXTargetDependency;
			target = 82CA78A22F2D5CEE009EE7BC /* Equiv */;
			targetProxy = 82CA78BD2F2D5CF0009EE7BC /* PBXContainerItemProxy */;
		};
/* End PBXTargetDependency section */

/* Begin XCBuildConfiguration section */
		82B2A6C82F2E79FB009201E8 /* Debug */ = {
			isa = XCBuildConfiguration;
			buildSettings = {
				ASSETCATALOG_COMPILER_GLOBAL_ACCENT_COLOR_NAME = AccentColor;
				ASSETCATALOG_COMPILER_WIDGET_BACKGROUND_COLOR_NAME = WidgetBackground;
				CODE_SIGN_ENTITLEMENTS = Widget/WidgetExtension.entitlements;
				CODE_SIGN_STYLE = Automatic;
				CURRENT_PROJECT_VERSION = 1;
				DEVELOPMENT_TEAM = U4FYUX3574;
				GENERATE_INFOPLIST_FILE = YES;
				INFOPLIST_FILE = Widget/Info.plist;
				INFOPLIST_KEY_CFBundleDisplayName = Widget;
				INFOPLIST_KEY_NSHumanReadableCopyright = "";
				LD_RUNPATH_SEARCH_PATHS = (
					"$(inherited)",
					"@executable_path/Frameworks",
					"@executable_path/../../Frameworks",
				);
				MARKETING_VERSION = 1.0;
				PRODUCT_BUNDLE_IDENTIFIER = name.callumblack.Equiv.Widget;
				PRODUCT_NAME = "$(TARGET_NAME)";
				SKIP_INSTALL = YES;
				STRING_CATALOG_GENERATE_SYMBOLS = YES;
				SWIFT_APPROACHABLE_CONCURRENCY = YES;
				SWIFT_EMIT_LOC_STRINGS = YES;
				SWIFT_UPCOMING_FEATURE_MEMBER_IMPORT_VISIBILITY = YES;
				SWIFT_VERSION = 5.0;
				TARGETED_DEVICE_FAMILY = "1,2";
			};
			name = Debug;
		};
		82B2A6C92F2E79FB009201E8 /* Release */ = {
			isa = XCBuildConfiguration;
			buildSettings = {
				ASSETCATALOG_COMPILER_GLOBAL_ACCENT_COLOR_NAME = AccentColor;
				ASSETCATALOG_COMPILER_WIDGET_BACKGROUND_COLOR_NAME = WidgetBackground;
				CODE_SIGN_ENTITLEMENTS = Widget/WidgetExtension.entitlements;
				CODE_SIGN_STYLE = Automatic;
				CURRENT_PROJECT_VERSION = 1;
				DEVELOPMENT_TEAM = U4FYUX3574;
				GENERATE_INFOPLIST_FILE = YES;
				INFOPLIST_FILE = Widget/Info.plist;
				INFOPLIST_KEY_CFBundleDisplayName = Widget;
				INFOPLIST_KEY_NSHumanReadableCopyright = "";
				LD_RUNPATH_SEARCH_PATHS = (
					"$(inherited)",
					"@executable_path/Frameworks",
					"@executable_path/../../Frameworks",
				);
				MARKETING_VERSION = 1.0;
				PRODUCT_BUNDLE_IDENTIFIER = name.callumblack.Equiv.Widget;
				PRODUCT_NAME = "$(TARGET_NAME)";
				SKIP_INSTALL = YES;
				STRING_CATALOG_GENERATE_SYMBOLS = YES;
				SWIFT_APPROACHABLE_CONCURRENCY = YES;
				SWIFT_EMIT_LOC_STRINGS = YES;
				SWIFT_UPCOMING_FEATURE_MEMBER_IMPORT_VISIBILITY = YES;
				SWIFT_VERSION = 5.0;
				TARGETED_DEVICE_FAMILY = "1,2";
			};
			name = Release;
		};
		82B2A6F12F2E7A7D009201E8 /* Debug */ = {
			isa = XCBuildConfiguration;
			buildSettings = {
				ASSETCATALOG_COMPILER_APPICON_NAME = AppIcon;
				ASSETCATALOG_COMPILER_GLOBAL_ACCENT_COLOR_NAME = AccentColor;
				CODE_SIGN_STYLE = Automatic;
				CURRENT_PROJECT_VERSION = 1;
				DEVELOPMENT_TEAM = U4FYUX3574;
				ENABLE_PREVIEWS = YES;
				GENERATE_INFOPLIST_FILE = YES;
				INFOPLIST_KEY_CFBundleDisplayName = EquivWatch;
				INFOPLIST_KEY_UISupportedInterfaceOrientations = "UIInterfaceOrientationPortrait UIInterfaceOrientationPortraitUpsideDown";
				INFOPLIST_KEY_WKCompanionAppBundleIdentifier = name.callumblack.Equiv;
				LD_RUNPATH_SEARCH_PATHS = (
					"$(inherited)",
					"@executable_path/Frameworks",
				);
				MARKETING_VERSION = 1.0;
				PRODUCT_BUNDLE_IDENTIFIER = name.callumblack.Equiv.watchkitapp;
				PRODUCT_NAME = "$(TARGET_NAME)";
				SDKROOT = watchos;
				SKIP_INSTALL = YES;
				STRING_CATALOG_GENERATE_SYMBOLS = YES;
				SWIFT_APPROACHABLE_CONCURRENCY = YES;
				SWIFT_DEFAULT_ACTOR_ISOLATION = MainActor;
				SWIFT_EMIT_LOC_STRINGS = YES;
				SWIFT_UPCOMING_FEATURE_MEMBER_IMPORT_VISIBILITY = YES;
				SWIFT_VERSION = 5.0;
				TARGETED_DEVICE_FAMILY = 4;
				WATCHOS_DEPLOYMENT_TARGET = 26.2;
			};
			name = Debug;
		};
		82B2A6F22F2E7A7D009201E8 /* Release */ = {
			isa = XCBuildConfiguration;
			buildSettings = {
				ASSETCATALOG_COMPILER_APPICON_NAME = AppIcon;
				ASSETCATALOG_COMPILER_GLOBAL_ACCENT_COLOR_NAME = AccentColor;
				CODE_SIGN_STYLE = Automatic;
				CURRENT_PROJECT_VERSION = 1;
				DEVELOPMENT_TEAM = U4FYUX3574;
				ENABLE_PREVIEWS = YES;
				GENERATE_INFOPLIST_FILE = YES;
				INFOPLIST_KEY_CFBundleDisplayName = EquivWatch;
				INFOPLIST_KEY_UISupportedInterfaceOrientations = "UIInterfaceOrientationPortrait UIInterfaceOrientationPortraitUpsideDown";
				INFOPLIST_KEY_WKCompanionAppBundleIdentifier = name.callumblack.Equiv;
				LD_RUNPATH_SEARCH_PATHS = (
					"$(inherited)",
					"@executable_path/Frameworks",
				);
				MARKETING_VERSION = 1.0;
				PRODUCT_BUNDLE_IDENTIFIER = name.callumblack.Equiv.watchkitapp;
				PRODUCT_NAME = "$(TARGET_NAME)";
				SDKROOT = watchos;
				SKIP_INSTALL = YES;
				STRING_CATALOG_GENERATE_SYMBOLS = YES;
				SWIFT_APPROACHABLE_CONCURRENCY = YES;
				SWIFT_DEFAULT_ACTOR_ISOLATION = MainActor;
				SWIFT_EMIT_LOC_STRINGS = YES;
				SWIFT_UPCOMING_FEATURE_MEMBER_IMPORT_VISIBILITY = YES;
				SWIFT_VERSION = 5.0;
				TARGETED_DEVICE_FAMILY = 4;
				WATCHOS_DEPLOYMENT_TARGET = 26.2;
			};
			name = Release;
		};
		82B2A6F52F2E7A7D009201E8 /* Debug */ = {
			isa = XCBuildConfiguration;
			buildSettings = {
				BUNDLE_LOADER = "$(TEST_HOST)";
				CODE_SIGN_STYLE = Automatic;
				CURRENT_PROJECT_VERSION = 1;
				DEVELOPMENT_TEAM = U4FYUX3574;
				GENERATE_INFOPLIST_FILE = YES;
				MARKETING_VERSION = 1.0;
				PRODUCT_BUNDLE_IDENTIFIER = "name.callumblack.Equiv.EquivWatch-Watch-AppTests";
				PRODUCT_NAME = "$(TARGET_NAME)";
				SDKROOT = watchos;
				STRING_CATALOG_GENERATE_SYMBOLS = NO;
				SWIFT_APPROACHABLE_CONCURRENCY = YES;
				SWIFT_EMIT_LOC_STRINGS = NO;
				SWIFT_UPCOMING_FEATURE_MEMBER_IMPORT_VISIBILITY = YES;
				SWIFT_VERSION = 5.0;
				TARGETED_DEVICE_FAMILY = 4;
				TEST_HOST = "$(BUILT_PRODUCTS_DIR)/EquivWatch Watch App.app/$(BUNDLE_EXECUTABLE_FOLDER_PATH)/EquivWatch Watch App";
				WATCHOS_DEPLOYMENT_TARGET = 26.2;
			};
			name = Debug;
		};
		82B2A6F62F2E7A7D009201E8 /* Release */ = {
			isa = XCBuildConfiguration;
			buildSettings = {
				BUNDLE_LOADER = "$(TEST_HOST)";
				CODE_SIGN_STYLE = Automatic;
				CURRENT_PROJECT_VERSION = 1;
				DEVELOPMENT_TEAM = U4FYUX3574;
				GENERATE_INFOPLIST_FILE = YES;
				MARKETING_VERSION = 1.0;
				PRODUCT_BUNDLE_IDENTIFIER = "name.callumblack.Equiv.EquivWatch-Watch-AppTests";
				PRODUCT_NAME = "$(TARGET_NAME)";
				SDKROOT = watchos;
				STRING_CATALOG_GENERATE_SYMBOLS = NO;
				SWIFT_APPROACHABLE_CONCURRENCY = YES;
				SWIFT_EMIT_LOC_STRINGS = NO;
				SWIFT_UPCOMING_FEATURE_MEMBER_IMPORT_VISIBILITY = YES;
				SWIFT_VERSION = 5.0;
				TARGETED_DEVICE_FAMILY = 4;
				TEST_HOST = "$(BUILT_PRODUCTS_DIR)/EquivWatch Watch App.app/$(BUNDLE_EXECUTABLE_FOLDER_PATH)/EquivWatch Watch App";
				WATCHOS_DEPLOYMENT_TARGET = 26.2;
			};
			name = Release;
		};
		82B2A6F82F2E7A7D009201E8 /* Debug */ = {
			isa = XCBuildConfiguration;
			buildSettings = {
				CODE_SIGN_STYLE = Automatic;
				CURRENT_PROJECT_VERSION = 1;
				DEVELOPMENT_TEAM = U4FYUX3574;
				GENERATE_INFOPLIST_FILE = YES;
				INFOPLIST_KEY_LSApplicationCategoryType = "";
				INFOPLIST_KEY_NSSupportsLiveActivities = YES;
				MARKETING_VERSION = 1.0;
				PRODUCT_BUNDLE_IDENTIFIER = "name.callumblack.Equiv.EquivWatch-Watch-AppUITests";
				PRODUCT_NAME = "$(TARGET_NAME)";
				SDKROOT = watchos;
				STRING_CATALOG_GENERATE_SYMBOLS = NO;
				SWIFT_APPROACHABLE_CONCURRENCY = YES;
				SWIFT_EMIT_LOC_STRINGS = NO;
				SWIFT_UPCOMING_FEATURE_MEMBER_IMPORT_VISIBILITY = YES;
				SWIFT_VERSION = 5.0;
				TARGETED_DEVICE_FAMILY = 4;
				TEST_TARGET_NAME = "EquivWatch Watch App";
				WATCHOS_DEPLOYMENT_TARGET = 26.2;
			};
			name = Debug;
		};
		82B2A6F92F2E7A7D009201E8 /* Release */ = {
			isa = XCBuildConfiguration;
			buildSettings = {
				CODE_SIGN_STYLE = Automatic;
				CURRENT_PROJECT_VERSION = 1;
				DEVELOPMENT_TEAM = U4FYUX3574;
				GENERATE_INFOPLIST_FILE = YES;
				INFOPLIST_KEY_LSApplicationCategoryType = "";
				INFOPLIST_KEY_NSSupportsLiveActivities = YES;
				MARKETING_VERSION = 1.0;
				PRODUCT_BUNDLE_IDENTIFIER = "name.callumblack.Equiv.EquivWatch-Watch-AppUITests";
				PRODUCT_NAME = "$(TARGET_NAME)";
				SDKROOT = watchos;
				STRING_CATALOG_GENERATE_SYMBOLS = NO;
				SWIFT_APPROACHABLE_CONCURRENCY = YES;
				SWIFT_EMIT_LOC_STRINGS = NO;
				SWIFT_UPCOMING_FEATURE_MEMBER_IMPORT_VISIBILITY = YES;
				SWIFT_VERSION = 5.0;
				TARGETED_DEVICE_FAMILY = 4;
				TEST_TARGET_NAME = "EquivWatch Watch App";
				WATCHOS_DEPLOYMENT_TARGET = 26.2;
			};
			name = Release;
		};
		82CA78C42F2D5CF0009EE7BC /* Debug */ = {
			isa = XCBuildConfiguration;
			buildSettings = {
				ALWAYS_SEARCH_USER_PATHS = NO;
				ASSETCATALOG_COMPILER_GENERATE_SWIFT_ASSET_SYMBOL_EXTENSIONS = YES;
				CLANG_ANALYZER_NONNULL = YES;
				CLANG_ANALYZER_NUMBER_OBJECT_CONVERSION = YES_AGGRESSIVE;
				CLANG_CXX_LANGUAGE_STANDARD = "gnu++20";
				CLANG_ENABLE_MODULES = YES;
				CLANG_ENABLE_OBJC_ARC = YES;
				CLANG_ENABLE_OBJC_WEAK = YES;
				CLANG_WARN_BLOCK_CAPTURE_AUTORELEASING = YES;
				CLANG_WARN_BOOL_CONVERSION = YES;
				CLANG_WARN_COMMA = YES;
				CLANG_WARN_CONSTANT_CONVERSION = YES;
				CLANG_WARN_DEPRECATED_OBJC_IMPLEMENTATIONS = YES;
				CLANG_WARN_DIRECT_OBJC_ISA_USAGE = YES_ERROR;
				CLANG_WARN_DOCUMENTATION_COMMENTS = YES;
				CLANG_WARN_EMPTY_BODY = YES;
				CLANG_WARN_ENUM_CONVERSION = YES;
				CLANG_WARN_INFINITE_RECURSION = YES;
				CLANG_WARN_INT_CONVERSION = YES;
				CLANG_WARN_NON_LITERAL_NULL_CONVERSION = YES;
				CLANG_WARN_OBJC_IMPLICIT_RETAIN_SELF = YES;
				CLANG_WARN_OBJC_LITERAL_CONVERSION = YES;
				CLANG_WARN_OBJC_ROOT_CLASS = YES_ERROR;
				CLANG_WARN_QUOTED_INCLUDE_IN_FRAMEWORK_HEADER = YES;
				CLANG_WARN_RANGE_LOOP_ANALYSIS = YES;
				CLANG_WARN_STRICT_PROTOTYPES = YES;
				CLANG_WARN_SUSPICIOUS_MOVE = YES;
				CLANG_WARN_UNGUARDED_AVAILABILITY = YES_AGGRESSIVE;
				CLANG_WARN_UNREACHABLE_CODE = YES;
				CLANG_WARN__DUPLICATE_METHOD_MATCH = YES;
				COPY_PHASE_STRIP = NO;
				DEBUG_INFORMATION_FORMAT = dwarf;
				DEVELOPMENT_TEAM = U4FYUX3574;
				ENABLE_STRICT_OBJC_MSGSEND = YES;
				ENABLE_TESTABILITY = YES;
				ENABLE_USER_SCRIPT_SANDBOXING = YES;
				GCC_C_LANGUAGE_STANDARD = gnu17;
				GCC_DYNAMIC_NO_PIC = NO;
				GCC_NO_COMMON_BLOCKS = YES;
				GCC_OPTIMIZATION_LEVEL = 0;
				GCC_PREPROCESSOR_DEFINITIONS = (
					"DEBUG=1",
					"$(inherited)",
				);
				GCC_WARN_64_TO_32_BIT_CONVERSION = YES;
				GCC_WARN_ABOUT_RETURN_TYPE = YES_ERROR;
				GCC_WARN_UNDECLARED_SELECTOR = YES;
				GCC_WARN_UNINITIALIZED_AUTOS = YES_AGGRESSIVE;
				GCC_WARN_UNUSED_FUNCTION = YES;
				GCC_WARN_UNUSED_VARIABLE = YES;
				IPHONEOS_DEPLOYMENT_TARGET = 26.2;
				LOCALIZATION_PREFERS_STRING_CATALOGS = YES;
				MTL_ENABLE_DEBUG_INFO = INCLUDE_SOURCE;
				MTL_FAST_MATH = YES;
				ONLY_ACTIVE_ARCH = YES;
				SDKROOT = iphoneos;
				SWIFT_ACTIVE_COMPILATION_CONDITIONS = "DEBUG $(inherited)";
				SWIFT_EMIT_LOC_STRINGS = YES;
				SWIFT_OPTIMIZATION_LEVEL = "-Onone";
			};
			name = Debug;
		};
		82CA78C52F2D5CF0009EE7BC /* Release */ = {
			isa = XCBuildConfiguration;
			buildSettings = {
				ALWAYS_SEARCH_USER_PATHS = NO;
				ASSETCATALOG_COMPILER_GENERATE_SWIFT_ASSET_SYMBOL_EXTENSIONS = YES;
				CLANG_ANALYZER_NONNULL = YES;
				CLANG_ANALYZER_NUMBER_OBJECT_CONVERSION = YES_AGGRESSIVE;
				CLANG_CXX_LANGUAGE_STANDARD = "gnu++20";
				CLANG_ENABLE_MODULES = YES;
				CLANG_ENABLE_OBJC_ARC = YES;
				CLANG_ENABLE_OBJC_WEAK = YES;
				CLANG_WARN_BLOCK_CAPTURE_AUTORELEASING = YES;
				CLANG_WARN_BOOL_CONVERSION = YES;
				CLANG_WARN_COMMA = YES;
				CLANG_WARN_CONSTANT_CONVERSION = YES;
				CLANG_WARN_DEPRECATED_OBJC_IMPLEMENTATIONS = YES;
				CLANG_WARN_DIRECT_OBJC_ISA_USAGE = YES_ERROR;
				CLANG_WARN_DOCUMENTATION_COMMENTS = YES;
				CLANG_WARN_EMPTY_BODY = YES;
				CLANG_WARN_ENUM_CONVERSION = YES;
				CLANG_WARN_INFINITE_RECURSION = YES;
				CLANG_WARN_INT_CONVERSION = YES;
				CLANG_WARN_NON_LITERAL_NULL_CONVERSION = YES;
				CLANG_WARN_OBJC_IMPLICIT_RETAIN_SELF = YES;
				CLANG_WARN_OBJC_LITERAL_CONVERSION = YES;
				CLANG_WARN_OBJC_ROOT_CLASS = YES_ERROR;
				CLANG_WARN_QUOTED_INCLUDE_IN_FRAMEWORK_HEADER = YES;
				CLANG_WARN_RANGE_LOOP_ANALYSIS = YES;
				CLANG_WARN_STRICT_PROTOTYPES = YES;
				CLANG_WARN_SUSPICIOUS_MOVE = YES;
				CLANG_WARN_UNGUARDED_AVAILABILITY = YES_AGGRESSIVE;
				CLANG_WARN_UNREACHABLE_CODE = YES;
				CLANG_WARN__DUPLICATE_METHOD_MATCH = YES;
				COPY_PHASE_STRIP = NO;
				DEBUG_INFORMATION_FORMAT = "dwarf-with-dsym";
				DEVELOPMENT_TEAM = U4FYUX3574;
				ENABLE_NS_ASSERTIONS = NO;
				ENABLE_STRICT_OBJC_MSGSEND = YES;
				ENABLE_USER_SCRIPT_SANDBOXING = YES;
				GCC_C_LANGUAGE_STANDARD = gnu17;
				GCC_NO_COMMON_BLOCKS = YES;
				GCC_WARN_64_TO_32_BIT_CONVERSION = YES;
				GCC_WARN_ABOUT_RETURN_TYPE = YES_ERROR;
				GCC_WARN_UNDECLARED_SELECTOR = YES;
				GCC_WARN_UNINITIALIZED_AUTOS = YES_AGGRESSIVE;
				GCC_WARN_UNUSED_FUNCTION = YES;
				GCC_WARN_UNUSED_VARIABLE = YES;
				IPHONEOS_DEPLOYMENT_TARGET = 26.2;
				LOCALIZATION_PREFERS_STRING_CATALOGS = YES;
				MTL_ENABLE_DEBUG_INFO = NO;
				MTL_FAST_MATH = YES;
				SDKROOT = iphoneos;
				SWIFT_COMPILATION_MODE = wholemodule;
				SWIFT_EMIT_LOC_STRINGS = YES;
				VALIDATE_PRODUCT = YES;
			};
			name = Release;
		};
		82CA78C72F2D5CF0009EE7BC /* Debug */ = {
			isa = XCBuildConfiguration;
			buildSettings = {
				ASSETCATALOG_COMPILER_APPICON_NAME = AppIcon;
				ASSETCATALOG_COMPILER_GLOBAL_ACCENT_COLOR_NAME = AccentColor;
				CODE_SIGN_ENTITLEMENTS = Equiv/Equiv.entitlements;
				CODE_SIGN_STYLE = Automatic;
				CURRENT_PROJECT_VERSION = 1;
				DEVELOPMENT_TEAM = U4FYUX3574;
				ENABLE_PREVIEWS = YES;
				GENERATE_INFOPLIST_FILE = YES;
				INFOPLIST_FILE = Equiv/Info.plist;
				INFOPLIST_KEY_LSApplicationCategoryType = "public.app-category.utilities";
				INFOPLIST_KEY_UIApplicationSceneManifest_Generation = YES;
				INFOPLIST_KEY_UIApplicationSupportsIndirectInputEvents = YES;
				INFOPLIST_KEY_UIBackgroundModes = "remote-notification";
				INFOPLIST_KEY_UILaunchScreen_Generation = YES;
				INFOPLIST_KEY_UISupportedInterfaceOrientations_iPad = "UIInterfaceOrientationPortrait UIInterfaceOrientationPortraitUpsideDown UIInterfaceOrientationLandscapeLeft UIInterfaceOrientationLandscapeRight";
				INFOPLIST_KEY_UISupportedInterfaceOrientations_iPhone = "UIInterfaceOrientationPortrait UIInterfaceOrientationLandscapeLeft UIInterfaceOrientationLandscapeRight";
				LD_RUNPATH_SEARCH_PATHS = (
					"$(inherited)",
					"@executable_path/Frameworks",
				);
				MARKETING_VERSION = 1.0;
				PRODUCT_BUNDLE_IDENTIFIER = name.callumblack.Equiv;
				PRODUCT_NAME = "$(TARGET_NAME)";
				STRING_CATALOG_GENERATE_SYMBOLS = YES;
				SWIFT_APPROACHABLE_CONCURRENCY = YES;
				SWIFT_DEFAULT_ACTOR_ISOLATION = MainActor;
				SWIFT_EMIT_LOC_STRINGS = YES;
				SWIFT_UPCOMING_FEATURE_MEMBER_IMPORT_VISIBILITY = YES;
				SWIFT_VERSION = 5.0;
				TARGETED_DEVICE_FAMILY = "1,2";
			};
			name = Debug;
		};
		82CA78C82F2D5CF0009EE7BC /* Release */ = {
			isa = XCBuildConfiguration;
			buildSettings = {
				ASSETCATALOG_COMPILER_APPICON_NAME = AppIcon;
				ASSETCATALOG_COMPILER_GLOBAL_ACCENT_COLOR_NAME = AccentColor;
				CODE_SIGN_ENTITLEMENTS = Equiv/Equiv.entitlements;
				CODE_SIGN_STYLE = Automatic;
				CURRENT_PROJECT_VERSION = 1;
				DEVELOPMENT_TEAM = U4FYUX3574;
				ENABLE_PREVIEWS = YES;
				GENERATE_INFOPLIST_FILE = YES;
				INFOPLIST_FILE = Equiv/Info.plist;
				INFOPLIST_KEY_LSApplicationCategoryType = "public.app-category.utilities";
				INFOPLIST_KEY_UIApplicationSceneManifest_Generation = YES;
				INFOPLIST_KEY_UIApplicationSupportsIndirectInputEvents = YES;
				INFOPLIST_KEY_UIBackgroundModes = "remote-notification";
				INFOPLIST_KEY_UILaunchScreen_Generation = YES;
				INFOPLIST_KEY_UISupportedInterfaceOrientations_iPad = "UIInterfaceOrientationPortrait UIInterfaceOrientationPortraitUpsideDown UIInterfaceOrientationLandscapeLeft UIInterfaceOrientationLandscapeRight";
				INFOPLIST_KEY_UISupportedInterfaceOrientations_iPhone = "UIInterfaceOrientationPortrait UIInterfaceOrientationLandscapeLeft UIInterfaceOrientationLandscapeRight";
				LD_RUNPATH_SEARCH_PATHS = (
					"$(inherited)",
					"@executable_path/Frameworks",
				);
				MARKETING_VERSION = 1.0;
				PRODUCT_BUNDLE_IDENTIFIER = name.callumblack.Equiv;
				PRODUCT_NAME = "$(TARGET_NAME)";
				STRING_CATALOG_GENERATE_SYMBOLS = YES;
				SWIFT_APPROACHABLE_CONCURRENCY = YES;
				SWIFT_DEFAULT_ACTOR_ISOLATION = MainActor;
				SWIFT_EMIT_LOC_STRINGS = YES;
				SWIFT_UPCOMING_FEATURE_MEMBER_IMPORT_VISIBILITY = YES;
				SWIFT_VERSION = 5.0;
				TARGETED_DEVICE_FAMILY = "1,2";
			};
			name = Release;
		};
		82CA78CA2F2D5CF0009EE7BC /* Debug */ = {
			isa = XCBuildConfiguration;
			buildSettings = {
				BUNDLE_LOADER = "$(TEST_HOST)";
				CODE_SIGN_STYLE = Automatic;
				CURRENT_PROJECT_VERSION = 1;
				DEVELOPMENT_TEAM = U4FYUX3574;
				GENERATE_INFOPLIST_FILE = YES;
				IPHONEOS_DEPLOYMENT_TARGET = 26.2;
				MARKETING_VERSION = 1.0;
				PRODUCT_BUNDLE_IDENTIFIER = name.callumblack.EquivTests;
				PRODUCT_NAME = "$(TARGET_NAME)";
				STRING_CATALOG_GENERATE_SYMBOLS = NO;
				SWIFT_APPROACHABLE_CONCURRENCY = YES;
				SWIFT_EMIT_LOC_STRINGS = NO;
				SWIFT_UPCOMING_FEATURE_MEMBER_IMPORT_VISIBILITY = YES;
				SWIFT_VERSION = 5.0;
				TARGETED_DEVICE_FAMILY = "1,2";
				TEST_HOST = "$(BUILT_PRODUCTS_DIR)/Equiv.app/$(BUNDLE_EXECUTABLE_FOLDER_PATH)/Equiv";
			};
			name = Debug;
		};
		82CA78CB2F2D5CF0009EE7BC /* Release */ = {
			isa = XCBuildConfiguration;
			buildSettings = {
				BUNDLE_LOADER = "$(TEST_HOST)";
				CODE_SIGN_STYLE = Automatic;
				CURRENT_PROJECT_VERSION = 1;
				DEVELOPMENT_TEAM = U4FYUX3574;
				GENERATE_INFOPLIST_FILE = YES;
				IPHONEOS_DEPLOYMENT_TARGET = 26.2;
				MARKETING_VERSION = 1.0;
				PRODUCT_BUNDLE_IDENTIFIER = name.callumblack.EquivTests;
				PRODUCT_NAME = "$(TARGET_NAME)";
				STRING_CATALOG_GENERATE_SYMBOLS = NO;
				SWIFT_APPROACHABLE_CONCURRENCY = YES;
				SWIFT_EMIT_LOC_STRINGS = NO;
				SWIFT_UPCOMING_FEATURE_MEMBER_IMPORT_VISIBILITY = YES;
				SWIFT_VERSION = 5.0;
				TARGETED_DEVICE_FAMILY = "1,2";
				TEST_HOST = "$(BUILT_PRODUCTS_DIR)/Equiv.app/$(BUNDLE_EXECUTABLE_FOLDER_PATH)/Equiv";
			};
			name = Release;
		};
		82CA78CD2F2D5CF0009EE7BC /* Debug */ = {
			isa = XCBuildConfiguration;
			buildSettings = {
				CODE_SIGN_STYLE = Automatic;
				CURRENT_PROJECT_VERSION = 1;
				DEVELOPMENT_TEAM = U4FYUX3574;
				GENERATE_INFOPLIST_FILE = YES;
				MARKETING_VERSION = 1.0;
				PRODUCT_BUNDLE_IDENTIFIER = name.callumblack.EquivUITests;
				PRODUCT_NAME = "$(TARGET_NAME)";
				STRING_CATALOG_GENERATE_SYMBOLS = NO;
				SWIFT_APPROACHABLE_CONCURRENCY = YES;
				SWIFT_EMIT_LOC_STRINGS = NO;
				SWIFT_UPCOMING_FEATURE_MEMBER_IMPORT_VISIBILITY = YES;
				SWIFT_VERSION = 5.0;
				TARGETED_DEVICE_FAMILY = "1,2";
				TEST_TARGET_NAME = Equiv;
			};
			name = Debug;
		};
		82CA78CE2F2D5CF0009EE7BC /* Release */ = {
			isa = XCBuildConfiguration;
			buildSettings = {
				CODE_SIGN_STYLE = Automatic;
				CURRENT_PROJECT_VERSION = 1;
				DEVELOPMENT_TEAM = U4FYUX3574;
				GENERATE_INFOPLIST_FILE = YES;
				MARKETING_VERSION = 1.0;
				PRODUCT_BUNDLE_IDENTIFIER = name.callumblack.EquivUITests;
				PRODUCT_NAME = "$(TARGET_NAME)";
				STRING_CATALOG_GENERATE_SYMBOLS = NO;
				SWIFT_APPROACHABLE_CONCURRENCY = YES;
				SWIFT_EMIT_LOC_STRINGS = NO;
				SWIFT_UPCOMING_FEATURE_MEMBER_IMPORT_VISIBILITY = YES;
				SWIFT_VERSION = 5.0;
				TARGETED_DEVICE_FAMILY = "1,2";
				TEST_TARGET_NAME = Equiv;
			};
			name = Release;
		};
/* End XCBuildConfiguration section */

/* Begin XCConfigurationList section */
		82B2A6C72F2E79FB009201E8 /* Build configuration list for PBXNativeTarget "WidgetExtension" */ = {
			isa = XCConfigurationList;
			buildConfigurations = (
				82B2A6C82F2E79FB009201E8 /* Debug */,
				82B2A6C92F2E79FB009201E8 /* Release */,
			);
			defaultConfigurationIsVisible = 0;
			defaultConfigurationName = Release;
		};
		82B2A6F02F2E7A7D009201E8 /* Build configuration list for PBXNativeTarget "EquivWatch Watch App" */ = {
			isa = XCConfigurationList;
			buildConfigurations = (
				82B2A6F12F2E7A7D009201E8 /* Debug */,
				82B2A6F22F2E7A7D009201E8 /* Release */,
			);
			defaultConfigurationIsVisible = 0;
			defaultConfigurationName = Release;
		};
		82B2A6F42F2E7A7D009201E8 /* Build configuration list for PBXNativeTarget "EquivWatch Watch AppTests" */ = {
			isa = XCConfigurationList;
			buildConfigurations = (
				82B2A6F52F2E7A7D009201E8 /* Debug */,
				82B2A6F62F2E7A7D009201E8 /* Release */,
			);
			defaultConfigurationIsVisible = 0;
			defaultConfigurationName = Release;
		};
		82B2A6F72F2E7A7D009201E8 /* Build configuration list for PBXNativeTarget "EquivWatch Watch AppUITests" */ = {
			isa = XCConfigurationList;
			buildConfigurations = (
				82B2A6F82F2E7A7D009201E8 /* Debug */,
				82B2A6F92F2E7A7D009201E8 /* Release */,
			);
			defaultConfigurationIsVisible = 0;
			defaultConfigurationName = Release;
		};
		82CA789E2F2D5CEE009EE7BC /* Build configuration list for PBXProject "Equiv" */ = {
			isa = XCConfigurationList;
			buildConfigurations = (
				82CA78C42F2D5CF0009EE7BC /* Debug */,
				82CA78C52F2D5CF0009EE7BC /* Release */,
			);
			defaultConfigurationIsVisible = 0;
			defaultConfigurationName = Release;
		};
		82CA78C62F2D5CF0009EE7BC /* Build configuration list for PBXNativeTarget "Equiv" */ = {
			isa = XCConfigurationList;
			buildConfigurations = (
				82CA78C72F2D5CF0009EE7BC /* Debug */,
				82CA78C82F2D5CF0009EE7BC /* Release */,
			);
			defaultConfigurationIsVisible = 0;
			defaultConfigurationName = Release;
		};
		82CA78C92F2D5CF0009EE7BC /* Build configuration list for PBXNativeTarget "EquivTests" */ = {
			isa = XCConfigurationList;
			buildConfigurations = (
				82CA78CA2F2D5CF0009EE7BC /* Debug */,
				82CA78CB2F2D5CF0009EE7BC /* Release */,
			);
			defaultConfigurationIsVisible = 0;
			defaultConfigurationName = Release;
		};
		82CA78CC2F2D5CF0009EE7BC /* Build configuration list for PBXNativeTarget "EquivUITests" */ = {
			isa = XCConfigurationList;
			buildConfigurations = (
				82CA78CD2F2D5CF0009EE7BC /* Debug */,
				82CA78CE2F2D5CF0009EE7BC /* Release */,
			);
			defaultConfigurationIsVisible = 0;
			defaultConfigurationName = Release;
		};
/* End XCConfigurationList section */
	};
	rootObject = 82CA789B2F2D5CEE009EE7BC /* Project object */;
}
